
Microsoft Visual Studio Solution File, Format Version 12.00
# Visual Studio Version 17
VisualStudioVersion = 17.8.34330.188
MinimumVisualStudioVersion = 10.0.40219.1
Project("{9A19103F-16F7-4668-BE54-9A1E7A4F7556}") = "BankManagementSystem.Server", "BankManagementSystem.Server\BankManagementSystem.Server.csproj", "{88EEE29A-07B6-4DFC-9B15-8D589CCCAB34}"
EndProject
Project("{9A19103F-16F7-4668-BE54-9A1E7A4F7556}") = "BankManagementSystem.Client", "BankManagementSystem.Client\BankManagementSystem.Client.csproj", "{7C63641B-382A-49B1-AF20-B12C777FBEB8}"
EndProject
Global
	GlobalSection(SolutionConfigurationPlatforms) = preSolution
		Debug|Any CPU = Debug|Any CPU
		Release|Any CPU = Release|Any CPU
	EndGlobalSection
	GlobalSection(ProjectConfigurationPlatforms) = postSolution
		{88EEE29A-07B6-4DFC-9B15-8D589CCCAB34}.Debug|Any CPU.ActiveCfg = Debug|Any CPU
		{88EEE29A-07B6-4DFC-9B15-8D589CCCAB34}.Debug|Any CPU.Build.0 = Debug|Any CPU
		{88EEE29A-07B6-4DFC-9B15-8D589CCCAB34}.Release|Any CPU.ActiveCfg = Release|Any CPU
		{88EEE29A-07B6-4DFC-9B15-8D589CCCAB34}.Release|Any CPU.Build.0 = Release|Any CPU
		{7C63641B-382A-49B1-AF20-B12C777FBEB8}.Debug|Any CPU.ActiveCfg = Debug|Any CPU
		{7C63641B-382A-49B1-AF20-B12C777FBEB8}.Debug|Any CPU.Build.0 = Debug|Any CPU
		{7C63641B-382A-49B1-AF20-B12C777FBEB8}.Release|Any CPU.ActiveCfg = Release|Any CPU
		{7C63641B-382A-49B1-AF20-B12C777FBEB8}.Release|Any CPU.Build.0 = Release|Any CPU
	EndGlobalSection
	GlobalSection(SolutionProperties) = preSolution
		HideSolutionNode = FALSE
	EndGlobalSection
	GlobalSection(ExtensibilityGlobals) = postSolution
		SolutionGuid = {105B572B-2EB2-4033-8722-2AF6FE7CA58C}
	EndGlobalSection
EndGlobal
