
Microsoft Visual Studio Solution File, Format Version 12.00
# Visual Studio Version 17
VisualStudioVersion = 17.8.34330.188
MinimumVisualStudioVersion = 10.0.40219.1
Project("{9A19103F-16F7-4668-BE54-9A1E7A4F7556}") = "BankManagementSystem", "BankManagementSystem\BankManagementSystem.csproj", "{88EEE29A-07B6-4DFC-9B15-8D589CCCAB34}"
EndProject
Project("{9A19103F-16F7-4668-BE54-9A1E7A4F7556}") = "Multithreading", "Multithreading\Multithreading.csproj", "{E2F5DD65-6A3F-4E76-90B5-CC74C1813DB0}"
EndProject
Project("{FAE04EC0-301F-11D3-BF4B-00C04F79EFBC}") = "SOLID", "SOLID\SOLID.csproj", "{7EB8F5D7-B2C9-435C-A638-C41CB53E488C}"
EndProject
Global
	GlobalSection(SolutionConfigurationPlatforms) = preSolution
		Debug|Any CPU = Debug|Any CPU
		Release|Any CPU = Release|Any CPU
	EndGlobalSection
	GlobalSection(ProjectConfigurationPlatforms) = postSolution
		{88EEE29A-07B6-4DFC-9B15-8D589CCCAB34}.Debug|Any CPU.ActiveCfg = Debug|Any CPU
		{88EEE29A-07B6-4DFC-9B15-8D589CCCAB34}.Debug|Any CPU.Build.0 = Debug|Any CPU
		{88EEE29A-07B6-4DFC-9B15-8D589CCCAB34}.Release|Any CPU.ActiveCfg = Release|Any CPU
		{88EEE29A-07B6-4DFC-9B15-8D589CCCAB34}.Release|Any CPU.Build.0 = Release|Any CPU
		{E2F5DD65-6A3F-4E76-90B5-CC74C1813DB0}.Debug|Any CPU.ActiveCfg = Debug|Any CPU
		{E2F5DD65-6A3F-4E76-90B5-CC74C1813DB0}.Debug|Any CPU.Build.0 = Debug|Any CPU
		{E2F5DD65-6A3F-4E76-90B5-CC74C1813DB0}.Release|Any CPU.ActiveCfg = Release|Any CPU
		{E2F5DD65-6A3F-4E76-90B5-CC74C1813DB0}.Release|Any CPU.Build.0 = Release|Any CPU
		{7EB8F5D7-B2C9-435C-A638-C41CB53E488C}.Debug|Any CPU.ActiveCfg = Debug|Any CPU
		{7EB8F5D7-B2C9-435C-A638-C41CB53E488C}.Debug|Any CPU.Build.0 = Debug|Any CPU
		{7EB8F5D7-B2C9-435C-A638-C41CB53E488C}.Release|Any CPU.ActiveCfg = Release|Any CPU
		{7EB8F5D7-B2C9-435C-A638-C41CB53E488C}.Release|Any CPU.Build.0 = Release|Any CPU
	EndGlobalSection
	GlobalSection(SolutionProperties) = preSolution
		HideSolutionNode = FALSE
	EndGlobalSection
	GlobalSection(ExtensibilityGlobals) = postSolution
		SolutionGuid = {105B572B-2EB2-4033-8722-2AF6FE7CA58C}
	EndGlobalSection
EndGlobal
